
Microsoft Visual Studio Solution File, Format Version 12.00
# Visual Studio 14
VisualStudioVersion = 14.0.25123.0
MinimumVisualStudioVersion = 10.0.40219.1
Project("{FAE04EC0-301F-11D3-BF4B-00C04F79EFBC}") = "GCWeakObjects", "GCWeakObjects\GCWeakObjects.csproj", "{CBB997B2-6945-4318-9AF6-D21F1EAB4A55}"
EndProject
Project("{FAE04EC0-301F-11D3-BF4B-00C04F79EFBC}") = "GCWeakObjects.Tests", "GCWeakObjects.Tests\GCWeakObjects.Tests.csproj", "{4A1F48F8-1389-41D7-90A2-50E4ADB88E14}"
EndProject
Global
	GlobalSection(SolutionConfigurationPlatforms) = preSolution
		Debug|Any CPU = Debug|Any CPU
		Release|Any CPU = Release|Any CPU
	EndGlobalSection
	GlobalSection(ProjectConfigurationPlatforms) = postSolution
		{CBB997B2-6945-4318-9AF6-D21F1EAB4A55}.Debug|Any CPU.ActiveCfg = Debug|Any CPU
		{CBB997B2-6945-4318-9AF6-D21F1EAB4A55}.Debug|Any CPU.Build.0 = Debug|Any CPU
		{CBB997B2-6945-4318-9AF6-D21F1EAB4A55}.Release|Any CPU.ActiveCfg = Release|Any CPU
		{CBB997B2-6945-4318-9AF6-D21F1EAB4A55}.Release|Any CPU.Build.0 = Release|Any CPU
		{4A1F48F8-1389-41D7-90A2-50E4ADB88E14}.Debug|Any CPU.ActiveCfg = Debug|Any CPU
		{4A1F48F8-1389-41D7-90A2-50E4ADB88E14}.Debug|Any CPU.Build.0 = Debug|Any CPU
		{4A1F48F8-1389-41D7-90A2-50E4ADB88E14}.Release|Any CPU.ActiveCfg = Release|Any CPU
		{4A1F48F8-1389-41D7-90A2-50E4ADB88E14}.Release|Any CPU.Build.0 = Release|Any CPU
	EndGlobalSection
	GlobalSection(SolutionProperties) = preSolution
		HideSolutionNode = FALSE
	EndGlobalSection
EndGlobal
